
Microsoft Visual Studio Solution File, Format Version 12.00
# Visual Studio Version 16
VisualStudioVersion = 16.0.32228.343
MinimumVisualStudioVersion = 10.0.40219.1
Project("{FAE04EC0-301F-11D3-BF4B-00C04F79EFBC}") = "CalculatorApp", "CalculatorApp\CalculatorApp.csproj", "{14B1C3CC-803E-4279-9338-A70896E3613B}"
EndProject
Global
	GlobalSection(SolutionConfigurationPlatforms) = preSolution
		Debug|Any CPU = Debug|Any CPU
		Release|Any CPU = Release|Any CPU
	EndGlobalSection
	GlobalSection(ProjectConfigurationPlatforms) = postSolution
		{14B1C3CC-803E-4279-9338-A70896E3613B}.Debug|Any CPU.ActiveCfg = Debug|Any CPU
		{14B1C3CC-803E-4279-9338-A70896E3613B}.Debug|Any CPU.Build.0 = Debug|Any CPU
		{14B1C3CC-803E-4279-9338-A70896E3613B}.Release|Any CPU.ActiveCfg = Release|Any CPU
		{14B1C3CC-803E-4279-9338-A70896E3613B}.Release|Any CPU.Build.0 = Release|Any CPU
	EndGlobalSection
	GlobalSection(SolutionProperties) = preSolution
		HideSolutionNode = FALSE
	EndGlobalSection
	GlobalSection(ExtensibilityGlobals) = postSolution
		SolutionGuid = {B80B35E3-E4E8-4896-A58E-D4B99CFFF0E2}
	EndGlobalSection
EndGlobal
